<Solution>
  <Configurations>
    <Platform Name="Any CPU" />
    <Platform Name="x86" />
  </Configurations>
  <Project Path="../Phase3/Phase3-Class/bin/Debug/Phase3-Class.exe">
    <BuildType Project="Release" />
    <Platform Project="x86" />
    <Properties Name="DebuggerProjectSystem">
      <Property Name="AttachLaunchAction" Value="No" />
      <Property Name="Environment" Value="Default" />
      <Property Name="Executable" Value="C:\Users\Banhi\source\repos\Phase3\Phase3-Class\bin\Debug\Phase3-Class.exe" />
      <Property Name="IORedirection" Value="Auto" />
      <Property Name="LaunchingEngine" Value="00000000-0000-0000-0000-000000000000" />
      <Property Name="LaunchSQLEngine" Value="No" />
      <Property Name="PortSupplier" Value="00000000-0000-0000-0000-000000000000" />
      <Property Name="RemoteMachine" Value="DESKTOP-HCV52ID" />
      <Property Name="StartingDirectory" Value="C:\Users\Banhi\source\repos\Phase3\Phase3-Class\bin\Debug" />
      <Property Name="UseLegacyDebugEngines" Value="No" />
    </Properties>
  </Project>
  <Project Path="DependecyInjection1/DependecyInjection1.csproj" Id="cf2b9fa9-5610-4593-9298-e079882340f4" />
  <Project Path="DepenInjecSetter/DISetterMethod.csproj" Id="928c0346-c3d6-4143-ac58-e118a6a18ec9" />
  <Project Path="ExtensionMethod/ExtensionMethod.csproj" Id="0b8a9a5b-a6fc-458a-93b5-907e4eb10b11" />
  <Project Path="FindAreaInheritance/FindAreaInheritance.csproj" Id="cb787ad2-25d7-4203-af86-b0940955fd3e" />
  <Project Path="inheritance/inheritance.csproj" Id="cbe39958-f125-4808-94d7-dd815873febc" />
  <Project Path="InheritancePractice/InheritancePractice.csproj" Id="a917cea7-bc3a-4577-b857-79d4d548be48" />
  <Project Path="InterfaceDependencyinjection/DependencyinjectionInterface.csproj" Id="6628478c-7219-4d6e-85d6-41bf33a01789" />
  <Project Path="MultiThreading1/MultiThreading1.csproj" Id="d65414fb-03e5-4110-9b55-0ad0fc64ebc3" />
  <Project Path="MultiThreadingDelegates/MultiThreadingDelegates.csproj" Id="51073535-451e-427c-9dae-7b164e17e9b9" />
  <Project Path="paymentProgram/paymentProgram.csproj" Id="5c990cf2-966f-42a7-8241-9c9916ef7a3c" />
  <Project Path="StudentsList/StudentsList.csproj" Id="fc1cc7e0-b1dd-4806-aebb-d8967306921d" />
</Solution>
